PODS:
  - IFAFoundation (2.0.1)
  - IFATestingSupport (2.0.5):
    - OCHamcrest (~> 7)
    - OCMock (~> 3)
  - OCHamcrest (7.0.1)
  - OCMock (3.4)

DEPENDENCIES:
  - IFAFoundation (from `/Users/bishalbhansali/MyDocuments/DFSI/OGNPods/IFAFoundation`)
  - IFATestingSupport (from `/Users/bishalbhansali/MyDocuments/DFSI/OGNPods/IFATestingSupport`)
  - OCHamcrest
  - OCMock

SPEC REPOS:
  trunk:
    - OCHamcrest
    - OCMock

EXTERNAL SOURCES:
  IFAFoundation:
    :path: "/Users/bishalbhansali/MyDocuments/DFSI/OGNPods/IFAFoundation"
  IFATestingSupport:
    :path: "/Users/bishalbhansali/MyDocuments/DFSI/OGNPods/IFATestingSupport"

SPEC CHECKSUMS:
  IFAFoundation: 3f81bc47565875da8306a29d270f9f2e62abe90a
  IFATestingSupport: 2a320b09311a43d2f899e3e1c6bf46e645f06a46
  OCHamcrest: 7c2229e7ea96eecd6e43dbef7c68e1dfbd6928b8
  OCMock: 35ae71d6a8fcc1b59434d561d1520b9dd4f15765

PODFILE CHECKSUM: 740b3649070ec73d5af43e75cfffedb8674f5255

COCOAPODS: 1.8.4
